// !$*UTF8*$!
{
	archiveVersion = 1;
	classes = {
	};
	objectVersion = 55;
	objects = {

/* Begin PBXBuildFile section */
		67E600C328ACAECD00429F86 /* AppDelegate.swift in Sources */ = {isa = PBXBuildFile; fileRef = 67E600C228ACAECD00429F86 /* AppDelegate.swift */; };
		67E600C528ACAECD00429F86 /* SceneDelegate.swift in Sources */ = {isa = PBXBuildFile; fileRef = 67E600C428ACAECD00429F86 /* SceneDelegate.swift */; };
		67E600C728ACAECD00429F86 /* ViewController.swift in Sources */ = {isa = PBXBuildFile; fileRef = 67E600C628ACAECD00429F86 /* ViewController.swift */; };
		67E600CA28ACAECD00429F86 /* Main.storyboard in Resources */ = {isa = PBXBuildFile; fileRef = 67E600C828ACAECD00429F86 /* Main.storyboard */; };
		67E600CC28ACAED000429F86 /* Assets.xcassets in Resources */ = {isa = PBXBuildFile; fileRef = 67E600CB28ACAED000429F86 /* Assets.xcassets */; };
		67E600CF28ACAED000429F86 /* LaunchScreen.storyboard in Resources */ = {isa = PBXBuildFile; fileRef = 67E600CD28ACAED000429F86 /* LaunchScreen.storyboard */; };
		67E600DA28ACAED100429F86 /* AholdDelhaizeTestProjectTests.swift in Sources */ = {isa = PBXBuildFile; fileRef = 67E600D928ACAED100429F86 /* AholdDelhaizeTestProjectTests.swift */; };
		67E600E428ACAED100429F86 /* AholdDelhaizeTestProjectUITests.swift in Sources */ = {isa = PBXBuildFile; fileRef = 67E600E328ACAED100429F86 /* AholdDelhaizeTestProjectUITests.swift */; };
		67E600E628ACAED100429F86 /* AholdDelhaizeTestProjectUITestsLaunchTests.swift in Sources */ = {isa = PBXBuildFile; fileRef = 67E600E528ACAED100429F86 /* AholdDelhaizeTestProjectUITestsLaunchTests.swift */; };
/* End PBXBuildFile section */

/* Begin PBXContainerItemProxy section */
		67E600D628ACAED100429F86 /* PBXContainerItemProxy */ = {
			isa = PBXContainerItemProxy;
			containerPortal = 67E600B728ACAECD00429F86 /* Project object */;
			proxyType = 1;
			remoteGlobalIDString = 67E600BE28ACAECD00429F86;
			remoteInfo = AholdDelhaizeTestProject;
		};
		67E600E028ACAED100429F86 /* PBXContainerItemProxy */ = {
			isa = PBXContainerItemProxy;
			containerPortal = 67E600B728ACAECD00429F86 /* Project object */;
			proxyType = 1;
			remoteGlobalIDString = 67E600BE28ACAECD00429F86;
			remoteInfo = AholdDelhaizeTestProject;
		};
/* End PBXContainerItemProxy section */

/* Begin PBXFileReference section */
		67E600BF28ACAECD00429F86 /* AholdDelhaizeTestProject.app */ = {isa = PBXFileReference; explicitFileType = wrapper.application; includeInIndex = 0; path = AholdDelhaizeTestProject.app; sourceTree = BUILT_PRODUCTS_DIR; };
		67E600C228ACAECD00429F86 /* AppDelegate.swift */ = {isa = PBXFileReference; lastKnownFileType = sourcecode.swift; path = AppDelegate.swift; sourceTree = "<group>"; };
		67E600C428ACAECD00429F86 /* SceneDelegate.swift */ = {isa = PBXFileReference; lastKnownFileType = sourcecode.swift; path = SceneDelegate.swift; sourceTree = "<group>"; };
		67E600C628ACAECD00429F86 /* ViewController.swift */ = {isa = PBXFileReference; lastKnownFileType = sourcecode.swift; path = ViewController.swift; sourceTree = "<group>"; };
		67E600C928ACAECD00429F86 /* Base */ = {isa = PBXFileReference; lastKnownFileType = file.storyboard; name = Base; path = Base.lproj/Main.storyboard; sourceTree = "<group>"; };
		67E600CB28ACAED000429F86 /* Assets.xcassets */ = {isa = PBXFileReference; lastKnownFileType = folder.assetcatalog; path = Assets.xcassets; sourceTree = "<group>"; };
		67E600CE28ACAED000429F86 /* Base */ = {isa = PBXFileReference; lastKnownFileType = file.storyboard; name = Base; path = Base.lproj/LaunchScreen.storyboard; sourceTree = "<group>"; };
		67E600D028ACAED000429F86 /* Info.plist */ = {isa = PBXFileReference; lastKnownFileType = text.plist.xml; path = Info.plist; sourceTree = "<group>"; };
		67E600D528ACAED100429F86 /* AholdDelhaizeTestProjectTests.xctest */ = {isa = PBXFileReference; explicitFileType = wrapper.cfbundle; includeInIndex = 0; path = AholdDelhaizeTestProjectTests.xctest; sourceTree = BUILT_PRODUCTS_DIR; };
		67E600D928ACAED100429F86 /* AholdDelhaizeTestProjectTests.swift */ = {isa = PBXFileReference; lastKnownFileType = sourcecode.swift; path = AholdDelhaizeTestProjectTests.swift; sourceTree = "<group>"; };
		67E600DF28ACAED100429F86 /* AholdDelhaizeTestProjectUITests.xctest */ = {isa = PBXFileReference; explicitFileType = wrapper.cfbundle; includeInIndex = 0; path = AholdDelhaizeTestProjectUITests.xctest; sourceTree = BUILT_PRODUCTS_DIR; };
		67E600E328ACAED100429F86 /* AholdDelhaizeTestProjectUITests.swift */ = {isa = PBXFileReference; lastKnownFileType = sourcecode.swift; path = AholdDelhaizeTestProjectUITests.swift; sourceTree = "<group>"; };
		67E600E528ACAED100429F86 /* AholdDelhaizeTestProjectUITestsLaunchTests.swift */ = {isa = PBXFileReference; lastKnownFileType = sourcecode.swift; path = AholdDelhaizeTestProjectUITestsLaunchTests.swift; sourceTree = "<group>"; };
/* End PBXFileReference section */

/* Begin PBXFrameworksBuildPhase section */
		67E600BC28ACAECD00429F86 /* Frameworks */ = {
			isa = PBXFrameworksBuildPhase;
			buildActionMask = 2147483647;
			files = (
			);
			runOnlyForDeploymentPostprocessing = 0;
		};
		67E600D228ACAED100429F86 /* Frameworks */ = {
			isa = PBXFrameworksBuildPhase;
			buildActionMask = 2147483647;
			files = (
			);
			runOnlyForDeploymentPostprocessing = 0;
		};
		67E600DC28ACAED100429F86 /* Frameworks */ = {
			isa = PBXFrameworksBuildPhase;
			buildActionMask = 2147483647;
			files = (
			);
			runOnlyForDeploymentPostprocessing = 0;
		};
/* End PBXFrameworksBuildPhase section */

/* Begin PBXGroup section */
		67E600B628ACAECD00429F86 = {
			isa = PBXGroup;
			children = (
				67E600C128ACAECD00429F86 /* AholdDelhaizeTestProject */,
				67E600D828ACAED100429F86 /* AholdDelhaizeTestProjectTests */,
				67E600E228ACAED100429F86 /* AholdDelhaizeTestProjectUITests */,
				67E600C028ACAECD00429F86 /* Products */,
			);
			sourceTree = "<group>";
		};
		67E600C028ACAECD00429F86 /* Products */ = {
			isa = PBXGroup;
			children = (
				67E600BF28ACAECD00429F86 /* AholdDelhaizeTestProject.app */,
				67E600D528ACAED100429F86 /* AholdDelhaizeTestProjectTests.xctest */,
				67E600DF28ACAED100429F86 /* AholdDelhaizeTestProjectUITests.xctest */,
			);
			name = Products;
			sourceTree = "<group>";
		};
		67E600C128ACAECD00429F86 /* AholdDelhaizeTestProject */ = {
			isa = PBXGroup;
			children = (
				67E600C228ACAECD00429F86 /* AppDelegate.swift */,
				67E600C428ACAECD00429F86 /* SceneDelegate.swift */,
				67E600C628ACAECD00429F86 /* ViewController.swift */,
				67E600C828ACAECD00429F86 /* Main.storyboard */,
				67E600CB28ACAED000429F86 /* Assets.xcassets */,
				67E600CD28ACAED000429F86 /* LaunchScreen.storyboard */,
				67E600D028ACAED000429F86 /* Info.plist */,
			);
			path = AholdDelhaizeTestProject;
			sourceTree = "<group>";
		};
		67E600D828ACAED100429F86 /* AholdDelhaizeTestProjectTests */ = {
			isa = PBXGroup;
			children = (
				67E600D928ACAED100429F86 /* AholdDelhaizeTestProjectTests.swift */,
			);
			path = AholdDelhaizeTestProjectTests;
			sourceTree = "<group>";
		};
		67E600E228ACAED100429F86 /* AholdDelhaizeTestProjectUITests */ = {
			isa = PBXGroup;
			children = (
				67E600E328ACAED100429F86 /* AholdDelhaizeTestProjectUITests.swift */,
				67E600E528ACAED100429F86 /* AholdDelhaizeTestProjectUITestsLaunchTests.swift */,
			);
			path = AholdDelhaizeTestProjectUITests;
			sourceTree = "<group>";
		};
/* End PBXGroup section */

/* Begin PBXNativeTarget section */
		67E600BE28ACAECD00429F86 /* AholdDelhaizeTestProject */ = {
			isa = PBXNativeTarget;
			buildConfigurationList = 67E600E928ACAED100429F86 /* Build configuration list for PBXNativeTarget "AholdDelhaizeTestProject" */;
			buildPhases = (
				67E600BB28ACAECD00429F86 /* Sources */,
				67E600BC28ACAECD00429F86 /* Frameworks */,
				67E600BD28ACAECD00429F86 /* Resources */,
			);
			buildRules = (
			);
			dependencies = (
			);
			name = AholdDelhaizeTestProject;
			productName = AholdDelhaizeTestProject;
			productReference = 67E600BF28ACAECD00429F86 /* AholdDelhaizeTestProject.app */;
			productType = "com.apple.product-type.application";
		};
		67E600D428ACAED100429F86 /* AholdDelhaizeTestProjectTests */ = {
			isa = PBXNativeTarget;
			buildConfigurationList = 67E600EC28ACAED100429F86 /* Build configuration list for PBXNativeTarget "AholdDelhaizeTestProjectTests" */;
			buildPhases = (
				67E600D128ACAED100429F86 /* Sources */,
				67E600D228ACAED100429F86 /* Frameworks */,
				67E600D328ACAED100429F86 /* Resources */,
			);
			buildRules = (
			);
			dependencies = (
				67E600D728ACAED100429F86 /* PBXTargetDependency */,
			);
			name = AholdDelhaizeTestProjectTests;
			productName = AholdDelhaizeTestProjectTests;
			productReference = 67E600D528ACAED100429F86 /* AholdDelhaizeTestProjectTests.xctest */;
			productType = "com.apple.product-type.bundle.unit-test";
		};
		67E600DE28ACAED100429F86 /* AholdDelhaizeTestProjectUITests */ = {
			isa = PBXNativeTarget;
			buildConfigurationList = 67E600EF28ACAED100429F86 /* Build configuration list for PBXNativeTarget "AholdDelhaizeTestProjectUITests" */;
			buildPhases = (
				67E600DB28ACAED100429F86 /* Sources */,
				67E600DC28ACAED100429F86 /* Frameworks */,
				67E600DD28ACAED100429F86 /* Resources */,
			);
			buildRules = (
			);
			dependencies = (
				67E600E128ACAED100429F86 /* PBXTargetDependency */,
			);
			name = AholdDelhaizeTestProjectUITests;
			productName = AholdDelhaizeTestProjectUITests;
			productReference = 67E600DF28ACAED100429F86 /* AholdDelhaizeTestProjectUITests.xctest */;
			productType = "com.apple.product-type.bundle.ui-testing";
		};
/* End PBXNativeTarget section */

/* Begin PBXProject section */
		67E600B728ACAECD00429F86 /* Project object */ = {
			isa = PBXProject;
			attributes = {
				BuildIndependentTargetsInParallel = 1;
				LastSwiftUpdateCheck = 1340;
				LastUpgradeCheck = 1340;
				TargetAttributes = {
					67E600BE28ACAECD00429F86 = {
						CreatedOnToolsVersion = 13.4.1;
					};
					67E600D428ACAED100429F86 = {
						CreatedOnToolsVersion = 13.4.1;
						TestTargetID = 67E600BE28ACAECD00429F86;
					};
					67E600DE28ACAED100429F86 = {
						CreatedOnToolsVersion = 13.4.1;
						TestTargetID = 67E600BE28ACAECD00429F86;
					};
				};
			};
			buildConfigurationList = 67E600BA28ACAECD00429F86 /* Build configuration list for PBXProject "AholdDelhaizeTestProject" */;
			compatibilityVersion = "Xcode 13.0";
			developmentRegion = en;
			hasScannedForEncodings = 0;
			knownRegions = (
				en,
				Base,
			);
			mainGroup = 67E600B628ACAECD00429F86;
			productRefGroup = 67E600C028ACAECD00429F86 /* Products */;
			projectDirPath = "";
			projectRoot = "";
			targets = (
				67E600BE28ACAECD00429F86 /* AholdDelhaizeTestProject */,
				67E600D428ACAED100429F86 /* AholdDelhaizeTestProjectTests */,
				67E600DE28ACAED100429F86 /* AholdDelhaizeTestProjectUITests */,
			);
		};
/* End PBXProject section */

/* Begin PBXResourcesBuildPhase section */
		67E600BD28ACAECD00429F86 /* Resources */ = {
			isa = PBXResourcesBuildPhase;
			buildActionMask = 2147483647;
			files = (
				67E600CF28ACAED000429F86 /* LaunchScreen.storyboard in Resources */,
				67E600CC28ACAED000429F86 /* Assets.xcassets in Resources */,
				67E600CA28ACAECD00429F86 /* Main.storyboard in Resources */,
			);
			runOnlyForDeploymentPostprocessing = 0;
		};
		67E600D328ACAED100429F86 /* Resources */ = {
			isa = PBXResourcesBuildPhase;
			buildActionMask = 2147483647;
			files = (
			);
			runOnlyForDeploymentPostprocessing = 0;
		};
		67E600DD28ACAED100429F86 /* Resources */ = {
			isa = PBXResourcesBuildPhase;
			buildActionMask = 2147483647;
			files = (
			);
			runOnlyForDeploymentPostprocessing = 0;
		};
/* End PBXResourcesBuildPhase section */

/* Begin PBXSourcesBuildPhase section */
		67E600BB28ACAECD00429F86 /* Sources */ = {
			isa = PBXSourcesBuildPhase;
			buildActionMask = 2147483647;
			files = (
				67E600C728ACAECD00429F86 /* ViewController.swift in Sources */,
				67E600C328ACAECD00429F86 /* AppDelegate.swift in Sources */,
				67E600C528ACAECD00429F86 /* SceneDelegate.swift in Sources */,
			);
			runOnlyForDeploymentPostprocessing = 0;
		};
		67E600D128ACAED100429F86 /* Sources */ = {
			isa = PBXSourcesBuildPhase;
			buildActionMask = 2147483647;
			files = (
				67E600DA28ACAED100429F86 /* AholdDelhaizeTestProjectTests.swift in Sources */,
			);
			runOnlyForDeploymentPostprocessing = 0;
		};
		67E600DB28ACAED100429F86 /* Sources */ = {
			isa = PBXSourcesBuildPhase;
			buildActionMask = 2147483647;
			files = (
				67E600E428ACAED100429F86 /* AholdDelhaizeTestProjectUITests.swift in Sources */,
				67E600E628ACAED100429F86 /* AholdDelhaizeTestProjectUITestsLaunchTests.swift in Sources */,
			);
			runOnlyForDeploymentPostprocessing = 0;
		};
/* End PBXSourcesBuildPhase section */

/* Begin PBXTargetDependency section */
		67E600D728ACAED100429F86 /* PBXTargetDependency */ = {
			isa = PBXTargetDependency;
			target = 67E600BE28ACAECD00429F86 /* AholdDelhaizeTestProject */;
			targetProxy = 67E600D628ACAED100429F86 /* PBXContainerItemProxy */;
		};
		67E600E128ACAED100429F86 /* PBXTargetDependency */ = {
			isa = PBXTargetDependency;
			target = 67E600BE28ACAECD00429F86 /* AholdDelhaizeTestProject */;
			targetProxy = 67E600E028ACAED100429F86 /* PBXContainerItemProxy */;
		};
/* End PBXTargetDependency section */

/* Begin PBXVariantGroup section */
		67E600C828ACAECD00429F86 /* Main.storyboard */ = {
			isa = PBXVariantGroup;
			children = (
				67E600C928ACAECD00429F86 /* Base */,
			);
			name = Main.storyboard;
			sourceTree = "<group>";
		};
		67E600CD28ACAED000429F86 /* LaunchScreen.storyboard */ = {
			isa = PBXVariantGroup;
			children = (
				67E600CE28ACAED000429F86 /* Base */,
			);
			name = LaunchScreen.storyboard;
			sourceTree = "<group>";
		};
/* End PBXVariantGroup section */

/* Begin XCBuildConfiguration section */
		67E600E728ACAED100429F86 /* Debug */ = {
			isa = XCBuildConfiguration;
			buildSettings = {
				ALWAYS_SEARCH_USER_PATHS = NO;
				CLANG_ANALYZER_NONNULL = YES;
				CLANG_ANALYZER_NUMBER_OBJECT_CONVERSION = YES_AGGRESSIVE;
				CLANG_CXX_LANGUAGE_STANDARD = "gnu++17";
				CLANG_ENABLE_MODULES = YES;
				CLANG_ENABLE_OBJC_ARC = YES;
				CLANG_ENABLE_OBJC_WEAK = YES;
				CLANG_WARN_BLOCK_CAPTURE_AUTORELEASING = YES;
				CLANG_WARN_BOOL_CONVERSION = YES;
				CLANG_WARN_COMMA = YES;
				CLANG_WARN_CONSTANT_CONVERSION = YES;
				CLANG_WARN_DEPRECATED_OBJC_IMPLEMENTATIONS = YES;
				CLANG_WARN_DIRECT_OBJC_ISA_USAGE = YES_ERROR;
				CLANG_WARN_DOCUMENTATION_COMMENTS = YES;
				CLANG_WARN_EMPTY_BODY = YES;
				CLANG_WARN_ENUM_CONVERSION = YES;
				CLANG_WARN_INFINITE_RECURSION = YES;
				CLANG_WARN_INT_CONVERSION = YES;
				CLANG_WARN_NON_LITERAL_NULL_CONVERSION = YES;
				CLANG_WARN_OBJC_IMPLICIT_RETAIN_SELF = YES;
				CLANG_WARN_OBJC_LITERAL_CONVERSION = YES;
				CLANG_WARN_OBJC_ROOT_CLASS = YES_ERROR;
				CLANG_WARN_QUOTED_INCLUDE_IN_FRAMEWORK_HEADER = YES;
				CLANG_WARN_RANGE_LOOP_ANALYSIS = YES;
				CLANG_WARN_STRICT_PROTOTYPES = YES;
				CLANG_WARN_SUSPICIOUS_MOVE = YES;
				CLANG_WARN_UNGUARDED_AVAILABILITY = YES_AGGRESSIVE;
				CLANG_WARN_UNREACHABLE_CODE = YES;
				CLANG_WARN__DUPLICATE_METHOD_MATCH = YES;
				COPY_PHASE_STRIP = NO;
				DEBUG_INFORMATION_FORMAT = dwarf;
				ENABLE_STRICT_OBJC_MSGSEND = YES;
				ENABLE_TESTABILITY = YES;
				GCC_C_LANGUAGE_STANDARD = gnu11;
				GCC_DYNAMIC_NO_PIC = NO;
				GCC_NO_COMMON_BLOCKS = YES;
				GCC_OPTIMIZATION_LEVEL = 0;
				GCC_PREPROCESSOR_DEFINITIONS = (
					"DEBUG=1",
					"$(inherited)",
				);
				GCC_WARN_64_TO_32_BIT_CONVERSION = YES;
				GCC_WARN_ABOUT_RETURN_TYPE = YES_ERROR;
				GCC_WARN_UNDECLARED_SELECTOR = YES;
				GCC_WARN_UNINITIALIZED_AUTOS = YES_AGGRESSIVE;
				GCC_WARN_UNUSED_FUNCTION = YES;
				GCC_WARN_UNUSED_VARIABLE = YES;
				IPHONEOS_DEPLOYMENT_TARGET = 15.5;
				MTL_ENABLE_DEBUG_INFO = INCLUDE_SOURCE;
				MTL_FAST_MATH = YES;
				ONLY_ACTIVE_ARCH = YES;
				SDKROOT = iphoneos;
				SWIFT_ACTIVE_COMPILATION_CONDITIONS = DEBUG;
				SWIFT_OPTIMIZATION_LEVEL = "-Onone";
			};
			name = Debug;
		};
		67E600E828ACAED100429F86 /* Release */ = {
			isa = XCBuildConfiguration;
			buildSettings = {
				ALWAYS_SEARCH_USER_PATHS = NO;
				CLANG_ANALYZER_NONNULL = YES;
				CLANG_ANALYZER_NUMBER_OBJECT_CONVERSION = YES_AGGRESSIVE;
				CLANG_CXX_LANGUAGE_STANDARD = "gnu++17";
				CLANG_ENABLE_MODULES = YES;
				CLANG_ENABLE_OBJC_ARC = YES;
				CLANG_ENABLE_OBJC_WEAK = YES;
				CLANG_WARN_BLOCK_CAPTURE_AUTORELEASING = YES;
				CLANG_WARN_BOOL_CONVERSION = YES;
				CLANG_WARN_COMMA = YES;
				CLANG_WARN_CONSTANT_CONVERSION = YES;
				CLANG_WARN_DEPRECATED_OBJC_IMPLEMENTATIONS = YES;
				CLANG_WARN_DIRECT_OBJC_ISA_USAGE = YES_ERROR;
				CLANG_WARN_DOCUMENTATION_COMMENTS = YES;
				CLANG_WARN_EMPTY_BODY = YES;
				CLANG_WARN_ENUM_CONVERSION = YES;
				CLANG_WARN_INFINITE_RECURSION = YES;
				CLANG_WARN_INT_CONVERSION = YES;
				CLANG_WARN_NON_LITERAL_NULL_CONVERSION = YES;
				CLANG_WARN_OBJC_IMPLICIT_RETAIN_SELF = YES;
				CLANG_WARN_OBJC_LITERAL_CONVERSION = YES;
				CLANG_WARN_OBJC_ROOT_CLASS = YES_ERROR;
				CLANG_WARN_QUOTED_INCLUDE_IN_FRAMEWORK_HEADER = YES;
				CLANG_WARN_RANGE_LOOP_ANALYSIS = YES;
				CLANG_WARN_STRICT_PROTOTYPES = YES;
				CLANG_WARN_SUSPICIOUS_MOVE = YES;
				CLANG_WARN_UNGUARDED_AVAILABILITY = YES_AGGRESSIVE;
				CLANG_WARN_UNREACHABLE_CODE = YES;
				CLANG_WARN__DUPLICATE_METHOD_MATCH = YES;
				COPY_PHASE_STRIP = NO;
				DEBUG_INFORMATION_FORMAT = "dwarf-with-dsym";
				ENABLE_NS_ASSERTIONS = NO;
				ENABLE_STRICT_OBJC_MSGSEND = YES;
				GCC_C_LANGUAGE_STANDARD = gnu11;
				GCC_NO_COMMON_BLOCKS = YES;
				GCC_WARN_64_TO_32_BIT_CONVERSION = YES;
				GCC_WARN_ABOUT_RETURN_TYPE = YES_ERROR;
				GCC_WARN_UNDECLARED_SELECTOR = YES;
				GCC_WARN_UNINITIALIZED_AUTOS = YES_AGGRESSIVE;
				GCC_WARN_UNUSED_FUNCTION = YES;
				GCC_WARN_UNUSED_VARIABLE = YES;
				IPHONEOS_DEPLOYMENT_TARGET = 15.5;
				MTL_ENABLE_DEBUG_INFO = NO;
				MTL_FAST_MATH = YES;
				SDKROOT = iphoneos;
				SWIFT_COMPILATION_MODE = wholemodule;
				SWIFT_OPTIMIZATION_LEVEL = "-O";
				VALIDATE_PRODUCT = YES;
			};
			name = Release;
		};
		67E600EA28ACAED100429F86 /* Debug */ = {
			isa = XCBuildConfiguration;
			buildSettings = {
				ASSETCATALOG_COMPILER_APPICON_NAME = AppIcon;
				ASSETCATALOG_COMPILER_GLOBAL_ACCENT_COLOR_NAME = AccentColor;
				CODE_SIGN_STYLE = Automatic;
				CURRENT_PROJECT_VERSION = 1;
				DEVELOPMENT_TEAM = 882Y7347Y5;
				GENERATE_INFOPLIST_FILE = YES;
				INFOPLIST_FILE = AholdDelhaizeTestProject/Info.plist;
				INFOPLIST_KEY_UIApplicationSupportsIndirectInputEvents = YES;
				INFOPLIST_KEY_UILaunchStoryboardName = LaunchScreen;
				INFOPLIST_KEY_UIMainStoryboardFile = Main;
				INFOPLIST_KEY_UISupportedInterfaceOrientations_iPad = "UIInterfaceOrientationPortrait UIInterfaceOrientationPortraitUpsideDown UIInterfaceOrientationLandscapeLeft UIInterfaceOrientationLandscapeRight";
				INFOPLIST_KEY_UISupportedInterfaceOrientations_iPhone = "UIInterfaceOrientationPortrait UIInterfaceOrientationLandscapeLeft UIInterfaceOrientationLandscapeRight";
				LD_RUNPATH_SEARCH_PATHS = (
					"$(inherited)",
					"@executable_path/Frameworks",
				);
				MARKETING_VERSION = 1.0;
				PRODUCT_BUNDLE_IDENTIFIER = sosavetyan.AholdDelhaizeTestProject;
				PRODUCT_NAME = "$(TARGET_NAME)";
				SWIFT_EMIT_LOC_STRINGS = YES;
				SWIFT_VERSION = 5.0;
				TARGETED_DEVICE_FAMILY = "1,2";
			};
			name = Debug;
		};
		67E600EB28ACAED100429F86 /* Release */ = {
			isa = XCBuildConfiguration;
			buildSettings = {
				ASSETCATALOG_COMPILER_APPICON_NAME = AppIcon;
				ASSETCATALOG_COMPILER_GLOBAL_ACCENT_COLOR_NAME = AccentColor;
				CODE_SIGN_STYLE = Automatic;
				CURRENT_PROJECT_VERSION = 1;
				DEVELOPMENT_TEAM = 882Y7347Y5;
				GENERATE_INFOPLIST_FILE = YES;
				INFOPLIST_FILE = AholdDelhaizeTestProject/Info.plist;
				INFOPLIST_KEY_UIApplicationSupportsIndirectInputEvents = YES;
				INFOPLIST_KEY_UILaunchStoryboardName = LaunchScreen;
				INFOPLIST_KEY_UIMainStoryboardFile = Main;
				INFOPLIST_KEY_UISupportedInterfaceOrientations_iPad = "UIInterfaceOrientationPortrait UIInterfaceOrientationPortraitUpsideDown UIInterfaceOrientationLandscapeLeft UIInterfaceOrientationLandscapeRight";
				INFOPLIST_KEY_UISupportedInterfaceOrientations_iPhone = "UIInterfaceOrientationPortrait UIInterfaceOrientationLandscapeLeft UIInterfaceOrientationLandscapeRight";
				LD_RUNPATH_SEARCH_PATHS = (
					"$(inherited)",
					"@executable_path/Frameworks",
				);
				MARKETING_VERSION = 1.0;
				PRODUCT_BUNDLE_IDENTIFIER = sosavetyan.AholdDelhaizeTestProject;
				PRODUCT_NAME = "$(TARGET_NAME)";
				SWIFT_EMIT_LOC_STRINGS = YES;
				SWIFT_VERSION = 5.0;
				TARGETED_DEVICE_FAMILY = "1,2";
			};
			name = Release;
		};
		67E600ED28ACAED100429F86 /* Debug */ = {
			isa = XCBuildConfiguration;
			buildSettings = {
				ALWAYS_EMBED_SWIFT_STANDARD_LIBRARIES = YES;
				BUNDLE_LOADER = "$(TEST_HOST)";
				CODE_SIGN_STYLE = Automatic;
				CURRENT_PROJECT_VERSION = 1;
				DEVELOPMENT_TEAM = 882Y7347Y5;
				GENERATE_INFOPLIST_FILE = YES;
				IPHONEOS_DEPLOYMENT_TARGET = 15.5;
				MARKETING_VERSION = 1.0;
				PRODUCT_BUNDLE_IDENTIFIER = sosavetyan.AholdDelhaizeTestProjectTests;
				PRODUCT_NAME = "$(TARGET_NAME)";
				SWIFT_EMIT_LOC_STRINGS = NO;
				SWIFT_VERSION = 5.0;
				TARGETED_DEVICE_FAMILY = "1,2";
				TEST_HOST = "$(BUILT_PRODUCTS_DIR)/AholdDelhaizeTestProject.app/AholdDelhaizeTestProject";
			};
			name = Debug;
		};
		67E600EE28ACAED100429F86 /* Release */ = {
			isa = XCBuildConfiguration;
			buildSettings = {
				ALWAYS_EMBED_SWIFT_STANDARD_LIBRARIES = YES;
				BUNDLE_LOADER = "$(TEST_HOST)";
				CODE_SIGN_STYLE = Automatic;
				CURRENT_PROJECT_VERSION = 1;
				DEVELOPMENT_TEAM = 882Y7347Y5;
				GENERATE_INFOPLIST_FILE = YES;
				IPHONEOS_DEPLOYMENT_TARGET = 15.5;
				MARKETING_VERSION = 1.0;
				PRODUCT_BUNDLE_IDENTIFIER = sosavetyan.AholdDelhaizeTestProjectTests;
				PRODUCT_NAME = "$(TARGET_NAME)";
				SWIFT_EMIT_LOC_STRINGS = NO;
				SWIFT_VERSION = 5.0;
				TARGETED_DEVICE_FAMILY = "1,2";
				TEST_HOST = "$(BUILT_PRODUCTS_DIR)/AholdDelhaizeTestProject.app/AholdDelhaizeTestProject";
			};
			name = Release;
		};
		67E600F028ACAED100429F86 /* Debug */ = {
			isa = XCBuildConfiguration;
			buildSettings = {
				ALWAYS_EMBED_SWIFT_STANDARD_LIBRARIES = YES;
				CODE_SIGN_STYLE = Automatic;
				CURRENT_PROJECT_VERSION = 1;
				DEVELOPMENT_TEAM = 882Y7347Y5;
				GENERATE_INFOPLIST_FILE = YES;
				MARKETING_VERSION = 1.0;
				PRODUCT_BUNDLE_IDENTIFIER = sosavetyan.AholdDelhaizeTestProjectUITests;
				PRODUCT_NAME = "$(TARGET_NAME)";
				SWIFT_EMIT_LOC_STRINGS = NO;
				SWIFT_VERSION = 5.0;
				TARGETED_DEVICE_FAMILY = "1,2";
				TEST_TARGET_NAME = AholdDelhaizeTestProject;
			};
			name = Debug;
		};
		67E600F128ACAED100429F86 /* Release */ = {
			isa = XCBuildConfiguration;
			buildSettings = {
				ALWAYS_EMBED_SWIFT_STANDARD_LIBRARIES = YES;
				CODE_SIGN_STYLE = Automatic;
				CURRENT_PROJECT_VERSION = 1;
				DEVELOPMENT_TEAM = 882Y7347Y5;
				GENERATE_INFOPLIST_FILE = YES;
				MARKETING_VERSION = 1.0;
				PRODUCT_BUNDLE_IDENTIFIER = sosavetyan.AholdDelhaizeTestProjectUITests;
				PRODUCT_NAME = "$(TARGET_NAME)";
				SWIFT_EMIT_LOC_STRINGS = NO;
				SWIFT_VERSION = 5.0;
				TARGETED_DEVICE_FAMILY = "1,2";
				TEST_TARGET_NAME = AholdDelhaizeTestProject;
			};
			name = Release;
		};
/* End XCBuildConfiguration section */

/* Begin XCConfigurationList section */
		67E600BA28ACAECD00429F86 /* Build configuration list for PBXProject "AholdDelhaizeTestProject" */ = {
			isa = XCConfigurationList;
			buildConfigurations = (
				67E600E728ACAED100429F86 /* Debug */,
				67E600E828ACAED100429F86 /* Release */,
			);
			defaultConfigurationIsVisible = 0;
			defaultConfigurationName = Release;
		};
		67E600E928ACAED100429F86 /* Build configuration list for PBXNativeTarget "AholdDelhaizeTestProject" */ = {
			isa = XCConfigurationList;
			buildConfigurations = (
				67E600EA28ACAED100429F86 /* Debug */,
				67E600EB28ACAED100429F86 /* Release */,
			);
			defaultConfigurationIsVisible = 0;
			defaultConfigurationName = Release;
		};
		67E600EC28ACAED100429F86 /* Build configuration list for PBXNativeTarget "AholdDelhaizeTestProjectTests" */ = {
			isa = XCConfigurationList;
			buildConfigurations = (
				67E600ED28ACAED100429F86 /* Debug */,
				67E600EE28ACAED100429F86 /* Release */,
			);
			defaultConfigurationIsVisible = 0;
			defaultConfigurationName = Release;
		};
		67E600EF28ACAED100429F86 /* Build configuration list for PBXNativeTarget "AholdDelhaizeTestProjectUITests" */ = {
			isa = XCConfigurationList;
			buildConfigurations = (
				67E600F028ACAED100429F86 /* Debug */,
				67E600F128ACAED100429F86 /* Release */,
			);
			defaultConfigurationIsVisible = 0;
			defaultConfigurationName = Release;
		};
/* End XCConfigurationList section */
	};
	rootObject = 67E600B728ACAECD00429F86 /* Project object */;
}
